
Microsoft Visual Studio Solution File, Format Version 12.00
# Visual Studio Version 16
VisualStudioVersion = 16.0.30002.166
MinimumVisualStudioVersion = 10.0.40219.1
Project("{9A19103F-16F7-4668-BE54-9A1E7A4F7556}") = "QueueNamespace", "ClassLibrary1\QueueNamespace.csproj", "{1E5AA981-EDC0-4B86-B736-8580475042C1}"
EndProject
Project("{9A19103F-16F7-4668-BE54-9A1E7A4F7556}") = "QueueAndCompareTests", "QueueTests\QueueAndCompareTests.csproj", "{2A6E0AC1-EAA5-4AAF-A4B4-A44131DCD9B2}"
EndProject
Global
	GlobalSection(SolutionConfigurationPlatforms) = preSolution
		Debug|Any CPU = Debug|Any CPU
		Release|Any CPU = Release|Any CPU
	EndGlobalSection
	GlobalSection(ProjectConfigurationPlatforms) = postSolution
		{1E5AA981-EDC0-4B86-B736-8580475042C1}.Debug|Any CPU.ActiveCfg = Debug|Any CPU
		{1E5AA981-EDC0-4B86-B736-8580475042C1}.Debug|Any CPU.Build.0 = Debug|Any CPU
		{1E5AA981-EDC0-4B86-B736-8580475042C1}.Release|Any CPU.ActiveCfg = Release|Any CPU
		{1E5AA981-EDC0-4B86-B736-8580475042C1}.Release|Any CPU.Build.0 = Release|Any CPU
		{2A6E0AC1-EAA5-4AAF-A4B4-A44131DCD9B2}.Debug|Any CPU.ActiveCfg = Debug|Any CPU
		{2A6E0AC1-EAA5-4AAF-A4B4-A44131DCD9B2}.Debug|Any CPU.Build.0 = Debug|Any CPU
		{2A6E0AC1-EAA5-4AAF-A4B4-A44131DCD9B2}.Release|Any CPU.ActiveCfg = Release|Any CPU
		{2A6E0AC1-EAA5-4AAF-A4B4-A44131DCD9B2}.Release|Any CPU.Build.0 = Release|Any CPU
	EndGlobalSection
	GlobalSection(SolutionProperties) = preSolution
		HideSolutionNode = FALSE
	EndGlobalSection
	GlobalSection(ExtensibilityGlobals) = postSolution
		SolutionGuid = {CBA75B4D-F5D7-45DB-AF86-35C2FDE88CE4}
	EndGlobalSection
EndGlobal
