
Microsoft Visual Studio Solution File, Format Version 12.00
Project("{FAE04EC0-301F-11D3-BF4B-00C04F79EFBC}") = "DropBoxTesting", "DropBoxTesting\DropBoxTesting.csproj", "{ED8D4ACD-E0F5-4617-838B-1312160E0CE0}"
EndProject
Project("{FAE04EC0-301F-11D3-BF4B-00C04F79EFBC}") = "DropBox", "DropBox\DropBox.csproj", "{BC961B02-FB84-4142-B75C-EFD685D6E316}"
EndProject
Global
	GlobalSection(SolutionConfigurationPlatforms) = preSolution
		Debug|Any CPU = Debug|Any CPU
		Release|Any CPU = Release|Any CPU
	EndGlobalSection
	GlobalSection(ProjectConfigurationPlatforms) = postSolution
		{ED8D4ACD-E0F5-4617-838B-1312160E0CE0}.Debug|Any CPU.ActiveCfg = Debug|Any CPU
		{ED8D4ACD-E0F5-4617-838B-1312160E0CE0}.Debug|Any CPU.Build.0 = Debug|Any CPU
		{ED8D4ACD-E0F5-4617-838B-1312160E0CE0}.Release|Any CPU.ActiveCfg = Release|Any CPU
		{ED8D4ACD-E0F5-4617-838B-1312160E0CE0}.Release|Any CPU.Build.0 = Release|Any CPU
		{BC961B02-FB84-4142-B75C-EFD685D6E316}.Debug|Any CPU.ActiveCfg = Debug|Any CPU
		{BC961B02-FB84-4142-B75C-EFD685D6E316}.Debug|Any CPU.Build.0 = Debug|Any CPU
		{BC961B02-FB84-4142-B75C-EFD685D6E316}.Release|Any CPU.ActiveCfg = Release|Any CPU
		{BC961B02-FB84-4142-B75C-EFD685D6E316}.Release|Any CPU.Build.0 = Release|Any CPU
	EndGlobalSection
EndGlobal
