
Microsoft Visual Studio Solution File, Format Version 12.00
Project("{FAE04EC0-301F-11D3-BF4B-00C04F79EFBC}") = "Tests", "Tests\Tests.csproj", "{1982D09E-196D-4850-B94F-976EE78646B7}"
EndProject
Project("{FAE04EC0-301F-11D3-BF4B-00C04F79EFBC}") = "Utils", "Utils\Utils.csproj", "{2F7EFBC9-287B-417D-B872-AE7D05065E7F}"
EndProject
Global
	GlobalSection(SolutionConfigurationPlatforms) = preSolution
		Debug|Any CPU = Debug|Any CPU
		Release|Any CPU = Release|Any CPU
	EndGlobalSection
	GlobalSection(ProjectConfigurationPlatforms) = postSolution
		{1982D09E-196D-4850-B94F-976EE78646B7}.Debug|Any CPU.ActiveCfg = Debug|Any CPU
		{1982D09E-196D-4850-B94F-976EE78646B7}.Debug|Any CPU.Build.0 = Debug|Any CPU
		{1982D09E-196D-4850-B94F-976EE78646B7}.Release|Any CPU.ActiveCfg = Release|Any CPU
		{1982D09E-196D-4850-B94F-976EE78646B7}.Release|Any CPU.Build.0 = Release|Any CPU
		{2F7EFBC9-287B-417D-B872-AE7D05065E7F}.Debug|Any CPU.ActiveCfg = Debug|Any CPU
		{2F7EFBC9-287B-417D-B872-AE7D05065E7F}.Debug|Any CPU.Build.0 = Debug|Any CPU
		{2F7EFBC9-287B-417D-B872-AE7D05065E7F}.Release|Any CPU.ActiveCfg = Release|Any CPU
		{2F7EFBC9-287B-417D-B872-AE7D05065E7F}.Release|Any CPU.Build.0 = Release|Any CPU
	EndGlobalSection
EndGlobal
