
Microsoft Visual Studio Solution File, Format Version 12.00
# Visual Studio 15
VisualStudioVersion = 15.0.28307.1082
MinimumVisualStudioVersion = 10.0.40219.1
Project("{FAE04EC0-301F-11D3-BF4B-00C04F79EFBC}") = "SeleniumNUnit", "SeleniumNUnit\SeleniumNUnit.csproj", "{E1FDADA5-573E-452D-ADEA-095A8F0928F1}"
EndProject
Global
	GlobalSection(SolutionConfigurationPlatforms) = preSolution
		Debug|Any CPU = Debug|Any CPU
		Release|Any CPU = Release|Any CPU
	EndGlobalSection
	GlobalSection(ProjectConfigurationPlatforms) = postSolution
		{E1FDADA5-573E-452D-ADEA-095A8F0928F1}.Debug|Any CPU.ActiveCfg = Debug|Any CPU
		{E1FDADA5-573E-452D-ADEA-095A8F0928F1}.Debug|Any CPU.Build.0 = Debug|Any CPU
		{E1FDADA5-573E-452D-ADEA-095A8F0928F1}.Release|Any CPU.ActiveCfg = Release|Any CPU
		{E1FDADA5-573E-452D-ADEA-095A8F0928F1}.Release|Any CPU.Build.0 = Release|Any CPU
	EndGlobalSection
	GlobalSection(SolutionProperties) = preSolution
		HideSolutionNode = FALSE
	EndGlobalSection
	GlobalSection(ExtensibilityGlobals) = postSolution
		SolutionGuid = {00505B76-F898-4BD6-98A7-D328829B6459}
	EndGlobalSection
EndGlobal
