
Microsoft Visual Studio Solution File, Format Version 12.00
# Visual Studio Version 16
VisualStudioVersion = 16.0.30002.166
MinimumVisualStudioVersion = 10.0.40219.1
Project("{FAE04EC0-301F-11D3-BF4B-00C04F79EFBC}") = "SeleniumUsePageObjects", "SeleniumUsePageObjects\SeleniumUsePageObjects.csproj", "{530B2318-4DD7-462C-B63F-D0E57A3E181D}"
EndProject
Project("{FAE04EC0-301F-11D3-BF4B-00C04F79EFBC}") = "SeleniumUsePageObjectsTests", "SeleniumUsePageObjectsTests\SeleniumUsePageObjectsTests.csproj", "{2A281735-E77D-4FE2-9367-AF02BB50176C}"
EndProject
Project("{FAE04EC0-301F-11D3-BF4B-00C04F79EFBC}") = "HelpClass", "HelpClass\HelpClass.csproj", "{228691E4-1509-4685-9875-1EAB83882380}"
EndProject
Global
	GlobalSection(SolutionConfigurationPlatforms) = preSolution
		Debug|Any CPU = Debug|Any CPU
		Release|Any CPU = Release|Any CPU
	EndGlobalSection
	GlobalSection(ProjectConfigurationPlatforms) = postSolution
		{530B2318-4DD7-462C-B63F-D0E57A3E181D}.Debug|Any CPU.ActiveCfg = Debug|Any CPU
		{530B2318-4DD7-462C-B63F-D0E57A3E181D}.Debug|Any CPU.Build.0 = Debug|Any CPU
		{530B2318-4DD7-462C-B63F-D0E57A3E181D}.Release|Any CPU.ActiveCfg = Release|Any CPU
		{530B2318-4DD7-462C-B63F-D0E57A3E181D}.Release|Any CPU.Build.0 = Release|Any CPU
		{2A281735-E77D-4FE2-9367-AF02BB50176C}.Debug|Any CPU.ActiveCfg = Debug|Any CPU
		{2A281735-E77D-4FE2-9367-AF02BB50176C}.Debug|Any CPU.Build.0 = Debug|Any CPU
		{2A281735-E77D-4FE2-9367-AF02BB50176C}.Release|Any CPU.ActiveCfg = Release|Any CPU
		{2A281735-E77D-4FE2-9367-AF02BB50176C}.Release|Any CPU.Build.0 = Release|Any CPU
		{228691E4-1509-4685-9875-1EAB83882380}.Debug|Any CPU.ActiveCfg = Debug|Any CPU
		{228691E4-1509-4685-9875-1EAB83882380}.Debug|Any CPU.Build.0 = Debug|Any CPU
		{228691E4-1509-4685-9875-1EAB83882380}.Release|Any CPU.ActiveCfg = Release|Any CPU
		{228691E4-1509-4685-9875-1EAB83882380}.Release|Any CPU.Build.0 = Release|Any CPU
	EndGlobalSection
	GlobalSection(SolutionProperties) = preSolution
		HideSolutionNode = FALSE
	EndGlobalSection
	GlobalSection(ExtensibilityGlobals) = postSolution
		SolutionGuid = {631615C7-ABB3-48E9-B31B-50271C97689E}
	EndGlobalSection
EndGlobal
