
Microsoft Visual Studio Solution File, Format Version 12.00
# Visual Studio 15
VisualStudioVersion = 15.0.27703.2035
MinimumVisualStudioVersion = 10.0.40219.1
Project("{FAE04EC0-301F-11D3-BF4B-00C04F79EFBC}") = "UnitTestProject2", "UnitTestProject2\UnitTestProject2.csproj", "{C2ED8690-8A87-495B-89B9-6AD992D15225}"
EndProject
Global
	GlobalSection(SolutionConfigurationPlatforms) = preSolution
		Debug|Any CPU = Debug|Any CPU
		Release|Any CPU = Release|Any CPU
	EndGlobalSection
	GlobalSection(ProjectConfigurationPlatforms) = postSolution
		{C2ED8690-8A87-495B-89B9-6AD992D15225}.Debug|Any CPU.ActiveCfg = Debug|Any CPU
		{C2ED8690-8A87-495B-89B9-6AD992D15225}.Debug|Any CPU.Build.0 = Debug|Any CPU
		{C2ED8690-8A87-495B-89B9-6AD992D15225}.Release|Any CPU.ActiveCfg = Release|Any CPU
		{C2ED8690-8A87-495B-89B9-6AD992D15225}.Release|Any CPU.Build.0 = Release|Any CPU
	EndGlobalSection
	GlobalSection(SolutionProperties) = preSolution
		HideSolutionNode = FALSE
	EndGlobalSection
	GlobalSection(ExtensibilityGlobals) = postSolution
		SolutionGuid = {86E38603-E6A3-46A0-A67C-F1E14EC2B44D}
	EndGlobalSection
EndGlobal
