
Microsoft Visual Studio Solution File, Format Version 12.00
# Visual Studio 15
VisualStudioVersion = 15.0.28307.1082
MinimumVisualStudioVersion = 10.0.40219.1
Project("{FAE04EC0-301F-11D3-BF4B-00C04F79EFBC}") = "SeleniumPageObject", "SeleniumPageObject\SeleniumPageObject.csproj", "{7112D583-1F93-4382-9395-BF4A9B67430F}"
EndProject
Project("{FAE04EC0-301F-11D3-BF4B-00C04F79EFBC}") = "PageObject", "PageObject\PageObject.csproj", "{C633BCB6-1DA3-41B8-BEA8-FE39CFBEDBEF}"
EndProject
Global
	GlobalSection(SolutionConfigurationPlatforms) = preSolution
		Debug|Any CPU = Debug|Any CPU
		Release|Any CPU = Release|Any CPU
	EndGlobalSection
	GlobalSection(ProjectConfigurationPlatforms) = postSolution
		{7112D583-1F93-4382-9395-BF4A9B67430F}.Debug|Any CPU.ActiveCfg = Debug|Any CPU
		{7112D583-1F93-4382-9395-BF4A9B67430F}.Debug|Any CPU.Build.0 = Debug|Any CPU
		{7112D583-1F93-4382-9395-BF4A9B67430F}.Release|Any CPU.ActiveCfg = Release|Any CPU
		{7112D583-1F93-4382-9395-BF4A9B67430F}.Release|Any CPU.Build.0 = Release|Any CPU
		{C633BCB6-1DA3-41B8-BEA8-FE39CFBEDBEF}.Debug|Any CPU.ActiveCfg = Debug|Any CPU
		{C633BCB6-1DA3-41B8-BEA8-FE39CFBEDBEF}.Debug|Any CPU.Build.0 = Debug|Any CPU
		{C633BCB6-1DA3-41B8-BEA8-FE39CFBEDBEF}.Release|Any CPU.ActiveCfg = Release|Any CPU
		{C633BCB6-1DA3-41B8-BEA8-FE39CFBEDBEF}.Release|Any CPU.Build.0 = Release|Any CPU
	EndGlobalSection
	GlobalSection(SolutionProperties) = preSolution
		HideSolutionNode = FALSE
	EndGlobalSection
	GlobalSection(ExtensibilityGlobals) = postSolution
		SolutionGuid = {6F070D96-6A78-4768-8B5A-50B2753DC7DA}
	EndGlobalSection
EndGlobal
