
Microsoft Visual Studio Solution File, Format Version 12.00
Project("{FAE04EC0-301F-11D3-BF4B-00C04F79EFBC}") = "Stack", "Stack\Stack.csproj", "{2FEA1C3D-0B8B-4F94-82FA-E0D3AA464827}"
EndProject
Project("{FAE04EC0-301F-11D3-BF4B-00C04F79EFBC}") = "Tests", "Tests\Tests.csproj", "{62440F37-7606-463D-81AE-4AD76A928718}"
EndProject
Global
	GlobalSection(SolutionConfigurationPlatforms) = preSolution
		ALL_CPU|Any CPU = ALL_CPU|Any CPU
		Release|Any CPU = Release|Any CPU
	EndGlobalSection
	GlobalSection(ProjectConfigurationPlatforms) = postSolution
		{2FEA1C3D-0B8B-4F94-82FA-E0D3AA464827}.ALL_CPU|Any CPU.ActiveCfg = Debug|Any CPU
		{2FEA1C3D-0B8B-4F94-82FA-E0D3AA464827}.ALL_CPU|Any CPU.Build.0 = Debug|Any CPU
		{2FEA1C3D-0B8B-4F94-82FA-E0D3AA464827}.Release|Any CPU.ActiveCfg = Release|Any CPU
        {2FEA1C3D-0B8B-4F94-82FA-E0D3AA464827}.Release|Any CPU.Build.0 = Release|Any CPU
		{62440F37-7606-463D-81AE-4AD76A928718}.ALL_CPU|Any CPU.ActiveCfg = Debug|Any CPU
		{62440F37-7606-463D-81AE-4AD76A928718}.ALL_CPU|Any CPU.Build.0 = Debug|Any CPU
		{62440F37-7606-463D-81AE-4AD76A928718}.Release|Any CPU.ActiveCfg = Release|Any CPU
        {62440F37-7606-463D-81AE-4AD76A928718}.Release|Any CPU.Build.0 = Release|Any CPU
	EndGlobalSection
EndGlobal
